
Microsoft Visual Studio Solution File, Format Version 12.00
# Visual Studio 15
VisualStudioVersion = 15.0.28307.421
MinimumVisualStudioVersion = 10.0.40219.1
Project("{8BC9CEB8-8B4A-11D0-8D11-00A0C91BC942}") = "LZ-HW-18-12-2018", "LZ-HW-18-12-2018\LZ-HW-18-12-2018.vcxproj", "{C1A59C13-6DDA-46BB-A497-75E6C174F201}"
EndProject
Global
	GlobalSection(SolutionConfigurationPlatforms) = preSolution
		Debug|x64 = Debug|x64
		Debug|x86 = Debug|x86
		Release|x64 = Release|x64
		Release|x86 = Release|x86
	EndGlobalSection
	GlobalSection(ProjectConfigurationPlatforms) = postSolution
		{C1A59C13-6DDA-46BB-A497-75E6C174F201}.Debug|x64.ActiveCfg = Debug|x64
		{C1A59C13-6DDA-46BB-A497-75E6C174F201}.Debug|x64.Build.0 = Debug|x64
		{C1A59C13-6DDA-46BB-A497-75E6C174F201}.Debug|x86.ActiveCfg = Debug|Win32
		{C1A59C13-6DDA-46BB-A497-75E6C174F201}.Debug|x86.Build.0 = Debug|Win32
		{C1A59C13-6DDA-46BB-A497-75E6C174F201}.Release|x64.ActiveCfg = Release|x64
		{C1A59C13-6DDA-46BB-A497-75E6C174F201}.Release|x64.Build.0 = Release|x64
		{C1A59C13-6DDA-46BB-A497-75E6C174F201}.Release|x86.ActiveCfg = Release|Win32
		{C1A59C13-6DDA-46BB-A497-75E6C174F201}.Release|x86.Build.0 = Release|Win32
	EndGlobalSection
	GlobalSection(SolutionProperties) = preSolution
		HideSolutionNode = FALSE
	EndGlobalSection
	GlobalSection(ExtensibilityGlobals) = postSolution
		SolutionGuid = {6455438E-6652-4C4D-AD63-D3AEDA4704C3}
	EndGlobalSection
EndGlobal
