
Microsoft Visual Studio Solution File, Format Version 12.00
# Visual Studio 15
VisualStudioVersion = 15.0.28307.102
MinimumVisualStudioVersion = 10.0.40219.1
Project("{8BC9CEB8-8B4A-11D0-8D11-00A0C91BC942}") = "Project1", "Project1\Project1.vcxproj", "{669755AF-6EEC-4EDF-81E6-1076B4EB07AE}"
EndProject
Global
	GlobalSection(SolutionConfigurationPlatforms) = preSolution
		Debug|x64 = Debug|x64
		Debug|x86 = Debug|x86
		Release|x64 = Release|x64
		Release|x86 = Release|x86
	EndGlobalSection
	GlobalSection(ProjectConfigurationPlatforms) = postSolution
		{669755AF-6EEC-4EDF-81E6-1076B4EB07AE}.Debug|x64.ActiveCfg = Debug|x64
		{669755AF-6EEC-4EDF-81E6-1076B4EB07AE}.Debug|x64.Build.0 = Debug|x64
		{669755AF-6EEC-4EDF-81E6-1076B4EB07AE}.Debug|x86.ActiveCfg = Debug|Win32
		{669755AF-6EEC-4EDF-81E6-1076B4EB07AE}.Debug|x86.Build.0 = Debug|Win32
		{669755AF-6EEC-4EDF-81E6-1076B4EB07AE}.Release|x64.ActiveCfg = Release|x64
		{669755AF-6EEC-4EDF-81E6-1076B4EB07AE}.Release|x64.Build.0 = Release|x64
		{669755AF-6EEC-4EDF-81E6-1076B4EB07AE}.Release|x86.ActiveCfg = Release|Win32
		{669755AF-6EEC-4EDF-81E6-1076B4EB07AE}.Release|x86.Build.0 = Release|Win32
	EndGlobalSection
	GlobalSection(SolutionProperties) = preSolution
		HideSolutionNode = FALSE
	EndGlobalSection
	GlobalSection(ExtensibilityGlobals) = postSolution
		SolutionGuid = {896EC591-AA98-4F83-9A6C-31C53AAB45A0}
	EndGlobalSection
EndGlobal
