
Microsoft Visual Studio Solution File, Format Version 12.00
# Visual Studio 15
VisualStudioVersion = 15.0.28307.421
MinimumVisualStudioVersion = 10.0.40219.1
Project("{8BC9CEB8-8B4A-11D0-8D11-00A0C91BC942}") = "LZ-HW", "LZ-HW\LZ-HW.vcxproj", "{0016A741-3B42-4E3A-9358-A56426B144E3}"
EndProject
Global
	GlobalSection(SolutionConfigurationPlatforms) = preSolution
		Debug|x64 = Debug|x64
		Debug|x86 = Debug|x86
		Release|x64 = Release|x64
		Release|x86 = Release|x86
	EndGlobalSection
	GlobalSection(ProjectConfigurationPlatforms) = postSolution
		{0016A741-3B42-4E3A-9358-A56426B144E3}.Debug|x64.ActiveCfg = Debug|x64
		{0016A741-3B42-4E3A-9358-A56426B144E3}.Debug|x64.Build.0 = Debug|x64
		{0016A741-3B42-4E3A-9358-A56426B144E3}.Debug|x86.ActiveCfg = Debug|Win32
		{0016A741-3B42-4E3A-9358-A56426B144E3}.Debug|x86.Build.0 = Debug|Win32
		{0016A741-3B42-4E3A-9358-A56426B144E3}.Release|x64.ActiveCfg = Release|x64
		{0016A741-3B42-4E3A-9358-A56426B144E3}.Release|x64.Build.0 = Release|x64
		{0016A741-3B42-4E3A-9358-A56426B144E3}.Release|x86.ActiveCfg = Release|Win32
		{0016A741-3B42-4E3A-9358-A56426B144E3}.Release|x86.Build.0 = Release|Win32
	EndGlobalSection
	GlobalSection(SolutionProperties) = preSolution
		HideSolutionNode = FALSE
	EndGlobalSection
	GlobalSection(ExtensibilityGlobals) = postSolution
		SolutionGuid = {F86F4B4A-CD4B-4E98-B9A5-BBBCC8CE9043}
	EndGlobalSection
EndGlobal
